// !$*UTF8*$!
{
	archiveVersion = 1;
	classes = {
	};
	objectVersion = 46;
	objects = {

/* Begin PBXBuildFile section */
		78D8F08E13A063E6003750D2 /* Foundation.framework in Frameworks */ = {isa = PBXBuildFile; fileRef = 78D8F08D13A063E6003750D2 /* Foundation.framework */; };
		78D8F09913A063E6003750D2 /* SenTestingKit.framework in Frameworks */ = {isa = PBXBuildFile; fileRef = 78D8F09813A063E6003750D2 /* SenTestingKit.framework */; };
		78D8F09B13A063E6003750D2 /* UIKit.framework in Frameworks */ = {isa = PBXBuildFile; fileRef = 78D8F09A13A063E6003750D2 /* UIKit.framework */; };
		78D8F09C13A063E6003750D2 /* Foundation.framework in Frameworks */ = {isa = PBXBuildFile; fileRef = 78D8F08D13A063E6003750D2 /* Foundation.framework */; };
		78D8F09E13A063E6003750D2 /* CoreGraphics.framework in Frameworks */ = {isa = PBXBuildFile; fileRef = 78D8F09D13A063E6003750D2 /* CoreGraphics.framework */; };
		78D8F0A113A063E6003750D2 /* libHelium.a in Frameworks */ = {isa = PBXBuildFile; fileRef = 78D8F08A13A063E6003750D2 /* libHelium.a */; };
		78D8F0A713A063E6003750D2 /* InfoPlist.strings in Resources */ = {isa = PBXBuildFile; fileRef = 78D8F0A513A063E6003750D2 /* InfoPlist.strings */; };
		78D8F0A913A063E6003750D2 /* HeliumTests.h in Resources */ = {isa = PBXBuildFile; fileRef = 78D8F0A813A063E6003750D2 /* HeliumTests.h */; };
		78D8F0AB13A063E6003750D2 /* HeliumTests.m in Sources */ = {isa = PBXBuildFile; fileRef = 78D8F0AA13A063E6003750D2 /* HeliumTests.m */; };
/* End PBXBuildFile section */

/* Begin PBXContainerItemProxy section */
		78D8F09F13A063E6003750D2 /* PBXContainerItemProxy */ = {
			isa = PBXContainerItemProxy;
			containerPortal = 78D8F08113A063E6003750D2 /* Project object */;
			proxyType = 1;
			remoteGlobalIDString = 78D8F08913A063E6003750D2;
			remoteInfo = Helium;
		};
/* End PBXContainerItemProxy section */

/* Begin PBXFileReference section */
		78D8F08A13A063E6003750D2 /* libHelium.a */ = {isa = PBXFileReference; explicitFileType = archive.ar; includeInIndex = 0; path = libHelium.a; sourceTree = BUILT_PRODUCTS_DIR; };
		78D8F08D13A063E6003750D2 /* Foundation.framework */ = {isa = PBXFileReference; lastKnownFileType = wrapper.framework; name = Foundation.framework; path = System/Library/Frameworks/Foundation.framework; sourceTree = SDKROOT; };
		78D8F09113A063E6003750D2 /* Helium-Prefix.pch */ = {isa = PBXFileReference; path = "Helium-Prefix.pch"; sourceTree = "<group>"; };
		78D8F09713A063E6003750D2 /* HeliumTests.octest */ = {isa = PBXFileReference; explicitFileType = wrapper.cfbundle; includeInIndex = 0; path = HeliumTests.octest; sourceTree = BUILT_PRODUCTS_DIR; };
		78D8F09813A063E6003750D2 /* SenTestingKit.framework */ = {isa = PBXFileReference; lastKnownFileType = wrapper.framework; name = SenTestingKit.framework; path = Library/Frameworks/SenTestingKit.framework; sourceTree = DEVELOPER_DIR; };
		78D8F09A13A063E6003750D2 /* UIKit.framework */ = {isa = PBXFileReference; lastKnownFileType = wrapper.framework; name = UIKit.framework; path = Library/Frameworks/UIKit.framework; sourceTree = DEVELOPER_DIR; };
		78D8F09D13A063E6003750D2 /* CoreGraphics.framework */ = {isa = PBXFileReference; lastKnownFileType = wrapper.framework; name = CoreGraphics.framework; path = Library/Frameworks/CoreGraphics.framework; sourceTree = DEVELOPER_DIR; };
		78D8F0A413A063E6003750D2 /* HeliumTests-Info.plist */ = {isa = PBXFileReference; path = "HeliumTests-Info.plist"; sourceTree = "<group>"; };
		78D8F0A613A063E6003750D2 /* en */ = {isa = PBXFileReference; lastKnownFileType = text.plist.strings; name = en; path = en.lproj/InfoPlist.strings; sourceTree = "<group>"; };
		78D8F0A813A063E6003750D2 /* HeliumTests.h */ = {isa = PBXFileReference; lastKnownFileType = sourcecode.c.h; path = HeliumTests.h; sourceTree = "<group>"; };
		78D8F0AA13A063E6003750D2 /* HeliumTests.m */ = {isa = PBXFileReference; lastKnownFileType = sourcecode.c.objc; path = HeliumTests.m; sourceTree = "<group>"; };
/* End PBXFileReference section */

/* Begin PBXFrameworksBuildPhase section */
		78D8F08713A063E6003750D2 /* Frameworks */ = {
			isa = PBXFrameworksBuildPhase;
			buildActionMask = 2147483647;
			files = (
				78D8F08E13A063E6003750D2 /* Foundation.framework in Frameworks */,
			);
			runOnlyForDeploymentPostprocessing = 0;
		};
		78D8F09313A063E6003750D2 /* Frameworks */ = {
			isa = PBXFrameworksBuildPhase;
			buildActionMask = 2147483647;
			files = (
				78D8F09913A063E6003750D2 /* SenTestingKit.framework in Frameworks */,
				78D8F09B13A063E6003750D2 /* UIKit.framework in Frameworks */,
				78D8F09C13A063E6003750D2 /* Foundation.framework in Frameworks */,
				78D8F09E13A063E6003750D2 /* CoreGraphics.framework in Frameworks */,
				78D8F0A113A063E6003750D2 /* libHelium.a in Frameworks */,
			);
			runOnlyForDeploymentPostprocessing = 0;
		};
/* End PBXFrameworksBuildPhase section */

/* Begin PBXGroup section */
		78D8F07F13A063E6003750D2 = {
			isa = PBXGroup;
			children = (
				78D8F08F13A063E6003750D2 /* Helium */,
				78D8F0A213A063E6003750D2 /* HeliumTests */,
				78D8F08C13A063E6003750D2 /* Frameworks */,
				78D8F08B13A063E6003750D2 /* Products */,
			);
			sourceTree = "<group>";
		};
		78D8F08B13A063E6003750D2 /* Products */ = {
			isa = PBXGroup;
			children = (
				78D8F08A13A063E6003750D2 /* libHelium.a */,
				78D8F09713A063E6003750D2 /* HeliumTests.octest */,
			);
			name = Products;
			sourceTree = "<group>";
		};
		78D8F08C13A063E6003750D2 /* Frameworks */ = {
			isa = PBXGroup;
			children = (
				78D8F08D13A063E6003750D2 /* Foundation.framework */,
				78D8F09813A063E6003750D2 /* SenTestingKit.framework */,
				78D8F09A13A063E6003750D2 /* UIKit.framework */,
				78D8F09D13A063E6003750D2 /* CoreGraphics.framework */,
			);
			name = Frameworks;
			sourceTree = "<group>";
		};
		78D8F08F13A063E6003750D2 /* Helium */ = {
			isa = PBXGroup;
			children = (
				78D8F09013A063E6003750D2 /* Supporting Files */,
			);
			path = Helium;
			sourceTree = "<group>";
		};
		78D8F09013A063E6003750D2 /* Supporting Files */ = {
			isa = PBXGroup;
			children = (
				78D8F09113A063E6003750D2 /* Helium-Prefix.pch */,
			);
			name = "Supporting Files";
			sourceTree = "<group>";
		};
		78D8F0A213A063E6003750D2 /* HeliumTests */ = {
			isa = PBXGroup;
			children = (
				78D8F0A813A063E6003750D2 /* HeliumTests.h */,
				78D8F0AA13A063E6003750D2 /* HeliumTests.m */,
				78D8F0A313A063E6003750D2 /* Supporting Files */,
			);
			path = HeliumTests;
			sourceTree = "<group>";
		};
		78D8F0A313A063E6003750D2 /* Supporting Files */ = {
			isa = PBXGroup;
			children = (
				78D8F0A413A063E6003750D2 /* HeliumTests-Info.plist */,
				78D8F0A513A063E6003750D2 /* InfoPlist.strings */,
			);
			name = "Supporting Files";
			sourceTree = "<group>";
		};
/* End PBXGroup section */

/* Begin PBXHeadersBuildPhase section */
		78D8F08813A063E6003750D2 /* Headers */ = {
			isa = PBXHeadersBuildPhase;
			buildActionMask = 2147483647;
			files = (
			);
			runOnlyForDeploymentPostprocessing = 0;
		};
/* End PBXHeadersBuildPhase section */

/* Begin PBXNativeTarget section */
		78D8F08913A063E6003750D2 /* Helium */ = {
			isa = PBXNativeTarget;
			buildConfigurationList = 78D8F0AE13A063E6003750D2 /* Build configuration list for PBXNativeTarget "Helium" */;
			buildPhases = (
				78D8F08613A063E6003750D2 /* Sources */,
				78D8F08713A063E6003750D2 /* Frameworks */,
				78D8F08813A063E6003750D2 /* Headers */,
			);
			buildRules = (
			);
			dependencies = (
			);
			name = Helium;
			productName = Helium;
			productReference = 78D8F08A13A063E6003750D2 /* libHelium.a */;
			productType = "com.apple.product-type.library.static";
		};
		78D8F09613A063E6003750D2 /* HeliumTests */ = {
			isa = PBXNativeTarget;
			buildConfigurationList = 78D8F0B113A063E6003750D2 /* Build configuration list for PBXNativeTarget "HeliumTests" */;
			buildPhases = (
				78D8F09213A063E6003750D2 /* Sources */,
				78D8F09313A063E6003750D2 /* Frameworks */,
				78D8F09413A063E6003750D2 /* Resources */,
				78D8F09513A063E6003750D2 /* ShellScript */,
			);
			buildRules = (
			);
			dependencies = (
				78D8F0A013A063E6003750D2 /* PBXTargetDependency */,
			);
			name = HeliumTests;
			productName = HeliumTests;
			productReference = 78D8F09713A063E6003750D2 /* HeliumTests.octest */;
			productType = "com.apple.product-type.bundle";
		};
/* End PBXNativeTarget section */

/* Begin PBXProject section */
		78D8F08113A063E6003750D2 /* Project object */ = {
			isa = PBXProject;
			attributes = {
				ORGANIZATIONNAME = I.TV;
			};
			buildConfigurationList = 78D8F08413A063E6003750D2 /* Build configuration list for PBXProject "Helium" */;
			compatibilityVersion = "Xcode 3.2";
			developmentRegion = English;
			hasScannedForEncodings = 0;
			knownRegions = (
				en,
			);
			mainGroup = 78D8F07F13A063E6003750D2;
			productRefGroup = 78D8F08B13A063E6003750D2 /* Products */;
			projectDirPath = "";
			projectRoot = "";
			targets = (
				78D8F08913A063E6003750D2 /* Helium */,
				78D8F09613A063E6003750D2 /* HeliumTests */,
			);
		};
/* End PBXProject section */

/* Begin PBXResourcesBuildPhase section */
		78D8F09413A063E6003750D2 /* Resources */ = {
			isa = PBXResourcesBuildPhase;
			buildActionMask = 2147483647;
			files = (
				78D8F0A713A063E6003750D2 /* InfoPlist.strings in Resources */,
				78D8F0A913A063E6003750D2 /* HeliumTests.h in Resources */,
			);
			runOnlyForDeploymentPostprocessing = 0;
		};
/* End PBXResourcesBuildPhase section */

/* Begin PBXShellScriptBuildPhase section */
		78D8F09513A063E6003750D2 /* ShellScript */ = {
			isa = PBXShellScriptBuildPhase;
			buildActionMask = 2147483647;
			files = (
			);
			inputPaths = (
			);
			outputPaths = (
			);
			runOnlyForDeploymentPostprocessing = 0;
			shellPath = /bin/sh;
			shellScript = "# Run the unit tests in this test bundle.\n\"${SYSTEM_DEVELOPER_DIR}/Tools/RunUnitTests\"\n";
		};
/* End PBXShellScriptBuildPhase section */

/* Begin PBXSourcesBuildPhase section */
		78D8F08613A063E6003750D2 /* Sources */ = {
			isa = PBXSourcesBuildPhase;
			buildActionMask = 2147483647;
			files = (
			);
			runOnlyForDeploymentPostprocessing = 0;
		};
		78D8F09213A063E6003750D2 /* Sources */ = {
			isa = PBXSourcesBuildPhase;
			buildActionMask = 2147483647;
			files = (
				78D8F0AB13A063E6003750D2 /* HeliumTests.m in Sources */,
			);
			runOnlyForDeploymentPostprocessing = 0;
		};
/* End PBXSourcesBuildPhase section */

/* Begin PBXTargetDependency section */
		78D8F0A013A063E6003750D2 /* PBXTargetDependency */ = {
			isa = PBXTargetDependency;
			target = 78D8F08913A063E6003750D2 /* Helium */;
			targetProxy = 78D8F09F13A063E6003750D2 /* PBXContainerItemProxy */;
		};
/* End PBXTargetDependency section */

/* Begin PBXVariantGroup section */
		78D8F0A513A063E6003750D2 /* InfoPlist.strings */ = {
			isa = PBXVariantGroup;
			children = (
				78D8F0A613A063E6003750D2 /* en */,
			);
			name = InfoPlist.strings;
			sourceTree = "<group>";
		};
/* End PBXVariantGroup section */

/* Begin XCBuildConfiguration section */
		78D8F0AC13A063E6003750D2 /* Debug */ = {
			isa = XCBuildConfiguration;
			buildSettings = {
				ALWAYS_SEARCH_USER_PATHS = NO;
				ARCHS = "$(ARCHS_STANDARD_32_BIT)";
				CLANG_ENABLE_OBJC_ARC = YES;
				COPY_PHASE_STRIP = NO;
				GCC_C_LANGUAGE_STANDARD = gnu99;
				GCC_DYNAMIC_NO_PIC = NO;
				GCC_OPTIMIZATION_LEVEL = 0;
				GCC_PREPROCESSOR_DEFINITIONS = (
					"DEBUG=1",
					"$(inherited)",
				);
				GCC_SYMBOLS_PRIVATE_EXTERN = NO;
				GCC_VERSION = com.apple.compilers.llvm.clang.1_0;
				GCC_WARN_ABOUT_MISSING_PROTOTYPES = YES;
				GCC_WARN_ABOUT_RETURN_TYPE = YES;
				GCC_WARN_UNUSED_VARIABLE = YES;
				IPHONEOS_DEPLOYMENT_TARGET = 5.0;
				SDKROOT = iphoneos;
			};
			name = Debug;
		};
		78D8F0AD13A063E6003750D2 /* Release */ = {
			isa = XCBuildConfiguration;
			buildSettings = {
				ALWAYS_SEARCH_USER_PATHS = NO;
				ARCHS = "$(ARCHS_STANDARD_32_BIT)";
				CLANG_ENABLE_OBJC_ARC = YES;
				COPY_PHASE_STRIP = YES;
				GCC_C_LANGUAGE_STANDARD = gnu99;
				GCC_VERSION = com.apple.compilers.llvm.clang.1_0;
				GCC_WARN_ABOUT_MISSING_PROTOTYPES = YES;
				GCC_WARN_ABOUT_RETURN_TYPE = YES;
				GCC_WARN_UNUSED_VARIABLE = YES;
				IPHONEOS_DEPLOYMENT_TARGET = 5.0;
				SDKROOT = iphoneos;
				VALIDATE_PRODUCT = YES;
			};
			name = Release;
		};
		78D8F0AF13A063E6003750D2 /* Debug */ = {
			isa = XCBuildConfiguration;
			buildSettings = {
				DSTROOT = /tmp/Helium.dst;
				GCC_PRECOMPILE_PREFIX_HEADER = YES;
				GCC_PREFIX_HEADER = "Helium/Helium-Prefix.pch";
				OTHER_LDFLAGS = "-ObjC";
				PRODUCT_NAME = "$(TARGET_NAME)";
				SKIP_INSTALL = YES;
			};
			name = Debug;
		};
		78D8F0B013A063E6003750D2 /* Release */ = {
			isa = XCBuildConfiguration;
			buildSettings = {
				DSTROOT = /tmp/Helium.dst;
				GCC_PRECOMPILE_PREFIX_HEADER = YES;
				GCC_PREFIX_HEADER = "Helium/Helium-Prefix.pch";
				OTHER_LDFLAGS = "-ObjC";
				PRODUCT_NAME = "$(TARGET_NAME)";
				SKIP_INSTALL = YES;
			};
			name = Release;
		};
		78D8F0B213A063E6003750D2 /* Debug */ = {
			isa = XCBuildConfiguration;
			buildSettings = {
				FRAMEWORK_SEARCH_PATHS = (
					"$(SDKROOT)/Developer/Library/Frameworks",
					"$(DEVELOPER_LIBRARY_DIR)/Frameworks",
				);
				GCC_PRECOMPILE_PREFIX_HEADER = YES;
				GCC_PREFIX_HEADER = "Helium/Helium-Prefix.pch";
				INFOPLIST_FILE = "HeliumTests/HeliumTests-Info.plist";
				PRODUCT_NAME = "$(TARGET_NAME)";
				WRAPPER_EXTENSION = octest;
			};
			name = Debug;
		};
		78D8F0B313A063E6003750D2 /* Release */ = {
			isa = XCBuildConfiguration;
			buildSettings = {
				FRAMEWORK_SEARCH_PATHS = (
					"$(SDKROOT)/Developer/Library/Frameworks",
					"$(DEVELOPER_LIBRARY_DIR)/Frameworks",
				);
				GCC_PRECOMPILE_PREFIX_HEADER = YES;
				GCC_PREFIX_HEADER = "Helium/Helium-Prefix.pch";
				INFOPLIST_FILE = "HeliumTests/HeliumTests-Info.plist";
				PRODUCT_NAME = "$(TARGET_NAME)";
				WRAPPER_EXTENSION = octest;
			};
			name = Release;
		};
/* End XCBuildConfiguration section */

/* Begin XCConfigurationList section */
		78D8F08413A063E6003750D2 /* Build configuration list for PBXProject "Helium" */ = {
			isa = XCConfigurationList;
			buildConfigurations = (
				78D8F0AC13A063E6003750D2 /* Debug */,
				78D8F0AD13A063E6003750D2 /* Release */,
			);
			defaultConfigurationIsVisible = 0;
			defaultConfigurationName = Release;
		};
		78D8F0AE13A063E6003750D2 /* Build configuration list for PBXNativeTarget "Helium" */ = {
			isa = XCConfigurationList;
			buildConfigurations = (
				78D8F0AF13A063E6003750D2 /* Debug */,
				78D8F0B013A063E6003750D2 /* Release */,
			);
			defaultConfigurationIsVisible = 0;
		};
		78D8F0B113A063E6003750D2 /* Build configuration list for PBXNativeTarget "HeliumTests" */ = {
			isa = XCConfigurationList;
			buildConfigurations = (
				78D8F0B213A063E6003750D2 /* Debug */,
				78D8F0B313A063E6003750D2 /* Release */,
			);
			defaultConfigurationIsVisible = 0;
		};
/* End XCConfigurationList section */
	};
	rootObject = 78D8F08113A063E6003750D2 /* Project object */;
}
