// !$*UTF8*$!
{
	archiveVersion = 1;
	classes = {
	};
	objectVersion = 46;
	objects = {

/* Begin PBXBuildFile section */
		7837177613B3E29300C0600C /* HENavigation.h in Headers */ = {isa = PBXBuildFile; fileRef = 7837177413B3E29000C0600C /* HENavigation.h */; };
		7837177713B3E29300C0600C /* HENavigation.m in Sources */ = {isa = PBXBuildFile; fileRef = 7837177513B3E29200C0600C /* HENavigation.m */; };
		7837177B13B3E39F00C0600C /* HETabs.h in Headers */ = {isa = PBXBuildFile; fileRef = 7837177913B3E39D00C0600C /* HETabs.h */; };
		7837177C13B3E39F00C0600C /* HETabs.m in Sources */ = {isa = PBXBuildFile; fileRef = 7837177A13B3E39E00C0600C /* HETabs.m */; };
		7837178213B3ECEB00C0600C /* HEBase.h in Headers */ = {isa = PBXBuildFile; fileRef = 7837178013B3ECE900C0600C /* HEBase.h */; };
		7837178313B3ECEB00C0600C /* HEBase.m in Sources */ = {isa = PBXBuildFile; fileRef = 7837178113B3ECEA00C0600C /* HEBase.m */; };
		7837178513B3EF6400C0600C /* HEViewControllable.h in Headers */ = {isa = PBXBuildFile; fileRef = 7837178413B3EF6200C0600C /* HEViewControllable.h */; };
		7837178813B400F100C0600C /* HEActionLink.h in Headers */ = {isa = PBXBuildFile; fileRef = 7837178613B400EE00C0600C /* HEActionLink.h */; };
		7837178913B400F100C0600C /* HEActionLink.m in Sources */ = {isa = PBXBuildFile; fileRef = 7837178713B400EF00C0600C /* HEActionLink.m */; };
		785E641113BB96BA00FB3C03 /* HEScroll.h in Headers */ = {isa = PBXBuildFile; fileRef = 785E640F13BB96BA00FB3C03 /* HEScroll.h */; };
		785E641213BB96BA00FB3C03 /* HEScroll.m in Sources */ = {isa = PBXBuildFile; fileRef = 785E641013BB96BA00FB3C03 /* HEScroll.m */; };
		787183F213A8693400F30570 /* NSDataAdditions.h in Headers */ = {isa = PBXBuildFile; fileRef = 787183EB13A8693400F30570 /* NSDataAdditions.h */; };
		787183F313A8693400F30570 /* NSDataAdditions.m in Sources */ = {isa = PBXBuildFile; fileRef = 787183EC13A8693400F30570 /* NSDataAdditions.m */; };
		787183F413A8693400F30570 /* TBXML-Prefix.pch in Headers */ = {isa = PBXBuildFile; fileRef = 787183ED13A8693400F30570 /* TBXML-Prefix.pch */; };
		787183F513A8693400F30570 /* TBXML.h in Headers */ = {isa = PBXBuildFile; fileRef = 787183EE13A8693400F30570 /* TBXML.h */; };
		787183F613A8693400F30570 /* TBXML.m in Sources */ = {isa = PBXBuildFile; fileRef = 787183EF13A8693400F30570 /* TBXML.m */; };
		787183F713A8693400F30570 /* UIColor+Hex.h in Headers */ = {isa = PBXBuildFile; fileRef = 787183F013A8693400F30570 /* UIColor+Hex.h */; };
		787183F813A8693400F30570 /* UIColor+Hex.m in Sources */ = {isa = PBXBuildFile; fileRef = 787183F113A8693400F30570 /* UIColor+Hex.m */; };
		7871840913A86D3200F30570 /* libz.dylib in Frameworks */ = {isa = PBXBuildFile; fileRef = 7871840813A86D3200F30570 /* libz.dylib */; };
		7893306B13AFC72D00C59E98 /* HEView.h in Headers */ = {isa = PBXBuildFile; fileRef = 7893306913AFC72D00C59E98 /* HEView.h */; };
		7893306C13AFC72D00C59E98 /* HEView.m in Sources */ = {isa = PBXBuildFile; fileRef = 7893306A13AFC72D00C59E98 /* HEView.m */; };
		7893307F13B1296100C59E98 /* HELoader.h in Headers */ = {isa = PBXBuildFile; fileRef = 7893307D13B1296000C59E98 /* HELoader.h */; };
		7893308013B1296100C59E98 /* HELoader.m in Sources */ = {isa = PBXBuildFile; fileRef = 7893307E13B1296000C59E98 /* HELoader.m */; };
		78BBDCC313A990960038C805 /* HEImage.h in Headers */ = {isa = PBXBuildFile; fileRef = 78BBDCC113A990960038C805 /* HEImage.h */; };
		78BBDCC413A990960038C805 /* HEImage.m in Sources */ = {isa = PBXBuildFile; fileRef = 78BBDCC213A990960038C805 /* HEImage.m */; };
		78BBDCCA13A9AEF80038C805 /* HELabel.h in Headers */ = {isa = PBXBuildFile; fileRef = 78BBDCC813A9AEF80038C805 /* HELabel.h */; };
		78BBDCCB13A9AEF80038C805 /* HELabel.m in Sources */ = {isa = PBXBuildFile; fileRef = 78BBDCC913A9AEF80038C805 /* HELabel.m */; };
		78BBDCCE13A9B0970038C805 /* UIView+Layout.h in Headers */ = {isa = PBXBuildFile; fileRef = 78BBDCCC13A9B0970038C805 /* UIView+Layout.h */; };
		78BBDCCF13A9B0970038C805 /* UIView+Layout.m in Sources */ = {isa = PBXBuildFile; fileRef = 78BBDCCD13A9B0970038C805 /* UIView+Layout.m */; };
		78C11F6A13AD129800546CDF /* TestLayout.h in Headers */ = {isa = PBXBuildFile; fileRef = 78C11F6813AD129800546CDF /* TestLayout.h */; };
		78C11F6C13AD12F100546CDF /* TestLayout.m in Sources */ = {isa = PBXBuildFile; fileRef = 78C11F6913AD129800546CDF /* TestLayout.m */; };
		78C11F6D13AD151100546CDF /* UIView+Layout.m in Sources */ = {isa = PBXBuildFile; fileRef = 78BBDCCD13A9B0970038C805 /* UIView+Layout.m */; };
		78C11FBD13AD218500546CDF /* TestContainers.m in Sources */ = {isa = PBXBuildFile; fileRef = 78C11FBC13AD218500546CDF /* TestContainers.m */; };
		78C11FC313AD2BC800546CDF /* HEButton.h in Headers */ = {isa = PBXBuildFile; fileRef = 78C11FC113AD2BC700546CDF /* HEButton.h */; };
		78C11FC413AD2BC800546CDF /* HEButton.m in Sources */ = {isa = PBXBuildFile; fileRef = 78C11FC213AD2BC700546CDF /* HEButton.m */; };
		78C11FC613AD2BFD00546CDF /* HELayoutable.h in Headers */ = {isa = PBXBuildFile; fileRef = 78C11FC513AD2BFD00546CDF /* HELayoutable.h */; };
		78D8F08E13A063E6003750D2 /* Foundation.framework in Frameworks */ = {isa = PBXBuildFile; fileRef = 78D8F08D13A063E6003750D2 /* Foundation.framework */; };
		78D8F09913A063E6003750D2 /* SenTestingKit.framework in Frameworks */ = {isa = PBXBuildFile; fileRef = 78D8F09813A063E6003750D2 /* SenTestingKit.framework */; };
		78D8F09B13A063E6003750D2 /* UIKit.framework in Frameworks */ = {isa = PBXBuildFile; fileRef = 78D8F09A13A063E6003750D2 /* UIKit.framework */; };
		78D8F09C13A063E6003750D2 /* Foundation.framework in Frameworks */ = {isa = PBXBuildFile; fileRef = 78D8F08D13A063E6003750D2 /* Foundation.framework */; };
		78D8F09E13A063E6003750D2 /* CoreGraphics.framework in Frameworks */ = {isa = PBXBuildFile; fileRef = 78D8F09D13A063E6003750D2 /* CoreGraphics.framework */; };
		78D8F0A113A063E6003750D2 /* libHelium.a in Frameworks */ = {isa = PBXBuildFile; fileRef = 78D8F08A13A063E6003750D2 /* libHelium.a */; };
		78D8F0A713A063E6003750D2 /* InfoPlist.strings in Resources */ = {isa = PBXBuildFile; fileRef = 78D8F0A513A063E6003750D2 /* InfoPlist.strings */; };
		78D8F0A913A063E6003750D2 /* HeliumTests.h in Resources */ = {isa = PBXBuildFile; fileRef = 78D8F0A813A063E6003750D2 /* HeliumTests.h */; };
		78D8F0AB13A063E6003750D2 /* HeliumTests.m in Sources */ = {isa = PBXBuildFile; fileRef = 78D8F0AA13A063E6003750D2 /* HeliumTests.m */; };
		78E989B113A06847005A72D4 /* HEContainer.h in Headers */ = {isa = PBXBuildFile; fileRef = 78E989AF13A06847005A72D4 /* HEContainer.h */; settings = {ATTRIBUTES = (Public, ); }; };
		78E989B213A06847005A72D4 /* HEContainer.m in Sources */ = {isa = PBXBuildFile; fileRef = 78E989B013A06847005A72D4 /* HEContainer.m */; };
		78E989BF13A06A19005A72D4 /* UIKit.framework in Frameworks */ = {isa = PBXBuildFile; fileRef = 78E989BE13A06A19005A72D4 /* UIKit.framework */; };
		78E989C313A06A61005A72D4 /* HEViewController.h in Headers */ = {isa = PBXBuildFile; fileRef = 78E989C113A06A61005A72D4 /* HEViewController.h */; };
		78E989C413A06A61005A72D4 /* HEViewController.m in Sources */ = {isa = PBXBuildFile; fileRef = 78E989C213A06A61005A72D4 /* HEViewController.m */; };
		78E989D113A139A8005A72D4 /* HEParser.h in Headers */ = {isa = PBXBuildFile; fileRef = 78E989CF13A139A8005A72D4 /* HEParser.h */; };
		78E989D213A139A8005A72D4 /* HEParser.m in Sources */ = {isa = PBXBuildFile; fileRef = 78E989D013A139A8005A72D4 /* HEParser.m */; };
		78E98A1E13A6AE67005A72D4 /* HEParent.h in Headers */ = {isa = PBXBuildFile; fileRef = 78E98A1D13A6AE67005A72D4 /* HEParent.h */; };
		78E98A2113A6AF1E005A72D4 /* HEObject.h in Headers */ = {isa = PBXBuildFile; fileRef = 78E98A2013A6AF1E005A72D4 /* HEObject.h */; };
		78E98A2313A6B3AD005A72D4 /* HEViewable.h in Headers */ = {isa = PBXBuildFile; fileRef = 78E98A2213A6B3AC005A72D4 /* HEViewable.h */; };
/* End PBXBuildFile section */

/* Begin PBXContainerItemProxy section */
		78D8F09F13A063E6003750D2 /* PBXContainerItemProxy */ = {
			isa = PBXContainerItemProxy;
			containerPortal = 78D8F08113A063E6003750D2 /* Project object */;
			proxyType = 1;
			remoteGlobalIDString = 78D8F08913A063E6003750D2;
			remoteInfo = Helium;
		};
/* End PBXContainerItemProxy section */

/* Begin PBXFileReference section */
		7837177413B3E29000C0600C /* HENavigation.h */ = {isa = PBXFileReference; fileEncoding = 4; lastKnownFileType = sourcecode.c.h; path = HENavigation.h; sourceTree = "<group>"; };
		7837177513B3E29200C0600C /* HENavigation.m */ = {isa = PBXFileReference; fileEncoding = 4; lastKnownFileType = sourcecode.c.objc; path = HENavigation.m; sourceTree = "<group>"; };
		7837177913B3E39D00C0600C /* HETabs.h */ = {isa = PBXFileReference; fileEncoding = 4; lastKnownFileType = sourcecode.c.h; path = HETabs.h; sourceTree = "<group>"; };
		7837177A13B3E39E00C0600C /* HETabs.m */ = {isa = PBXFileReference; fileEncoding = 4; lastKnownFileType = sourcecode.c.objc; path = HETabs.m; sourceTree = "<group>"; };
		7837178013B3ECE900C0600C /* HEBase.h */ = {isa = PBXFileReference; fileEncoding = 4; lastKnownFileType = sourcecode.c.h; path = HEBase.h; sourceTree = "<group>"; };
		7837178113B3ECEA00C0600C /* HEBase.m */ = {isa = PBXFileReference; fileEncoding = 4; lastKnownFileType = sourcecode.c.objc; path = HEBase.m; sourceTree = "<group>"; };
		7837178413B3EF6200C0600C /* HEViewControllable.h */ = {isa = PBXFileReference; fileEncoding = 4; lastKnownFileType = sourcecode.c.h; path = HEViewControllable.h; sourceTree = "<group>"; };
		7837178613B400EE00C0600C /* HEActionLink.h */ = {isa = PBXFileReference; fileEncoding = 4; lastKnownFileType = sourcecode.c.h; path = HEActionLink.h; sourceTree = "<group>"; };
		7837178713B400EF00C0600C /* HEActionLink.m */ = {isa = PBXFileReference; fileEncoding = 4; lastKnownFileType = sourcecode.c.objc; path = HEActionLink.m; sourceTree = "<group>"; };
		785E640F13BB96BA00FB3C03 /* HEScroll.h */ = {isa = PBXFileReference; fileEncoding = 4; lastKnownFileType = sourcecode.c.h; path = HEScroll.h; sourceTree = "<group>"; };
		785E641013BB96BA00FB3C03 /* HEScroll.m */ = {isa = PBXFileReference; fileEncoding = 4; lastKnownFileType = sourcecode.c.objc; path = HEScroll.m; sourceTree = "<group>"; };
		787183EB13A8693400F30570 /* NSDataAdditions.h */ = {isa = PBXFileReference; fileEncoding = 4; lastKnownFileType = sourcecode.c.h; path = NSDataAdditions.h; sourceTree = "<group>"; };
		787183EC13A8693400F30570 /* NSDataAdditions.m */ = {isa = PBXFileReference; fileEncoding = 4; lastKnownFileType = sourcecode.c.objc; path = NSDataAdditions.m; sourceTree = "<group>"; };
		787183ED13A8693400F30570 /* TBXML-Prefix.pch */ = {isa = PBXFileReference; fileEncoding = 4; lastKnownFileType = sourcecode.c.h; path = "TBXML-Prefix.pch"; sourceTree = "<group>"; };
		787183EE13A8693400F30570 /* TBXML.h */ = {isa = PBXFileReference; fileEncoding = 4; lastKnownFileType = sourcecode.c.h; path = TBXML.h; sourceTree = "<group>"; };
		787183EF13A8693400F30570 /* TBXML.m */ = {isa = PBXFileReference; fileEncoding = 4; lastKnownFileType = sourcecode.c.objc; path = TBXML.m; sourceTree = "<group>"; };
		787183F013A8693400F30570 /* UIColor+Hex.h */ = {isa = PBXFileReference; fileEncoding = 4; lastKnownFileType = sourcecode.c.h; path = "UIColor+Hex.h"; sourceTree = "<group>"; };
		787183F113A8693400F30570 /* UIColor+Hex.m */ = {isa = PBXFileReference; fileEncoding = 4; lastKnownFileType = sourcecode.c.objc; path = "UIColor+Hex.m"; sourceTree = "<group>"; };
		7871840813A86D3200F30570 /* libz.dylib */ = {isa = PBXFileReference; lastKnownFileType = "compiled.mach-o.dylib"; name = libz.dylib; path = usr/lib/libz.dylib; sourceTree = SDKROOT; };
		7893306913AFC72D00C59E98 /* HEView.h */ = {isa = PBXFileReference; fileEncoding = 4; lastKnownFileType = sourcecode.c.h; path = HEView.h; sourceTree = "<group>"; };
		7893306A13AFC72D00C59E98 /* HEView.m */ = {isa = PBXFileReference; fileEncoding = 4; lastKnownFileType = sourcecode.c.objc; path = HEView.m; sourceTree = "<group>"; };
		7893307D13B1296000C59E98 /* HELoader.h */ = {isa = PBXFileReference; fileEncoding = 4; lastKnownFileType = sourcecode.c.h; path = HELoader.h; sourceTree = "<group>"; };
		7893307E13B1296000C59E98 /* HELoader.m */ = {isa = PBXFileReference; fileEncoding = 4; lastKnownFileType = sourcecode.c.objc; path = HELoader.m; sourceTree = "<group>"; };
		78BBDCC113A990960038C805 /* HEImage.h */ = {isa = PBXFileReference; fileEncoding = 4; lastKnownFileType = sourcecode.c.h; path = HEImage.h; sourceTree = "<group>"; };
		78BBDCC213A990960038C805 /* HEImage.m */ = {isa = PBXFileReference; fileEncoding = 4; lastKnownFileType = sourcecode.c.objc; path = HEImage.m; sourceTree = "<group>"; };
		78BBDCC813A9AEF80038C805 /* HELabel.h */ = {isa = PBXFileReference; fileEncoding = 4; lastKnownFileType = sourcecode.c.h; path = HELabel.h; sourceTree = "<group>"; };
		78BBDCC913A9AEF80038C805 /* HELabel.m */ = {isa = PBXFileReference; fileEncoding = 4; lastKnownFileType = sourcecode.c.objc; path = HELabel.m; sourceTree = "<group>"; };
		78BBDCCC13A9B0970038C805 /* UIView+Layout.h */ = {isa = PBXFileReference; fileEncoding = 4; lastKnownFileType = sourcecode.c.h; path = "UIView+Layout.h"; sourceTree = "<group>"; };
		78BBDCCD13A9B0970038C805 /* UIView+Layout.m */ = {isa = PBXFileReference; fileEncoding = 4; lastKnownFileType = sourcecode.c.objc; path = "UIView+Layout.m"; sourceTree = "<group>"; };
		78C11F6813AD129800546CDF /* TestLayout.h */ = {isa = PBXFileReference; fileEncoding = 4; lastKnownFileType = sourcecode.c.h; path = TestLayout.h; sourceTree = "<group>"; };
		78C11F6913AD129800546CDF /* TestLayout.m */ = {isa = PBXFileReference; fileEncoding = 4; lastKnownFileType = sourcecode.c.objc; path = TestLayout.m; sourceTree = "<group>"; };
		78C11FBB13AD218500546CDF /* TestContainers.h */ = {isa = PBXFileReference; fileEncoding = 4; lastKnownFileType = sourcecode.c.h; path = TestContainers.h; sourceTree = "<group>"; };
		78C11FBC13AD218500546CDF /* TestContainers.m */ = {isa = PBXFileReference; fileEncoding = 4; lastKnownFileType = sourcecode.c.objc; path = TestContainers.m; sourceTree = "<group>"; };
		78C11FC113AD2BC700546CDF /* HEButton.h */ = {isa = PBXFileReference; fileEncoding = 4; lastKnownFileType = sourcecode.c.h; path = HEButton.h; sourceTree = "<group>"; };
		78C11FC213AD2BC700546CDF /* HEButton.m */ = {isa = PBXFileReference; fileEncoding = 4; lastKnownFileType = sourcecode.c.objc; path = HEButton.m; sourceTree = "<group>"; };
		78C11FC513AD2BFD00546CDF /* HELayoutable.h */ = {isa = PBXFileReference; fileEncoding = 4; lastKnownFileType = sourcecode.c.h; path = HELayoutable.h; sourceTree = "<group>"; };
		78D8F08A13A063E6003750D2 /* libHelium.a */ = {isa = PBXFileReference; explicitFileType = archive.ar; includeInIndex = 0; path = libHelium.a; sourceTree = BUILT_PRODUCTS_DIR; };
		78D8F08D13A063E6003750D2 /* Foundation.framework */ = {isa = PBXFileReference; lastKnownFileType = wrapper.framework; name = Foundation.framework; path = System/Library/Frameworks/Foundation.framework; sourceTree = SDKROOT; };
		78D8F09113A063E6003750D2 /* Helium-Prefix.pch */ = {isa = PBXFileReference; lastKnownFileType = sourcecode.c.h; path = "Helium-Prefix.pch"; sourceTree = "<group>"; };
		78D8F09713A063E6003750D2 /* HeliumTests.octest */ = {isa = PBXFileReference; explicitFileType = wrapper.cfbundle; includeInIndex = 0; path = HeliumTests.octest; sourceTree = BUILT_PRODUCTS_DIR; };
		78D8F09813A063E6003750D2 /* SenTestingKit.framework */ = {isa = PBXFileReference; lastKnownFileType = wrapper.framework; name = SenTestingKit.framework; path = Library/Frameworks/SenTestingKit.framework; sourceTree = DEVELOPER_DIR; };
		78D8F09A13A063E6003750D2 /* UIKit.framework */ = {isa = PBXFileReference; lastKnownFileType = wrapper.framework; name = UIKit.framework; path = Library/Frameworks/UIKit.framework; sourceTree = DEVELOPER_DIR; };
		78D8F09D13A063E6003750D2 /* CoreGraphics.framework */ = {isa = PBXFileReference; lastKnownFileType = wrapper.framework; name = CoreGraphics.framework; path = Library/Frameworks/CoreGraphics.framework; sourceTree = DEVELOPER_DIR; };
		78D8F0A413A063E6003750D2 /* HeliumTests-Info.plist */ = {isa = PBXFileReference; lastKnownFileType = text.plist.xml; path = "HeliumTests-Info.plist"; sourceTree = "<group>"; };
		78D8F0A613A063E6003750D2 /* en */ = {isa = PBXFileReference; lastKnownFileType = text.plist.strings; name = en; path = en.lproj/InfoPlist.strings; sourceTree = "<group>"; };
		78D8F0A813A063E6003750D2 /* HeliumTests.h */ = {isa = PBXFileReference; lastKnownFileType = sourcecode.c.h; path = HeliumTests.h; sourceTree = "<group>"; };
		78D8F0AA13A063E6003750D2 /* HeliumTests.m */ = {isa = PBXFileReference; lastKnownFileType = sourcecode.c.objc; path = HeliumTests.m; sourceTree = "<group>"; };
		78E989AF13A06847005A72D4 /* HEContainer.h */ = {isa = PBXFileReference; fileEncoding = 4; lastKnownFileType = sourcecode.c.h; path = HEContainer.h; sourceTree = "<group>"; };
		78E989B013A06847005A72D4 /* HEContainer.m */ = {isa = PBXFileReference; fileEncoding = 4; lastKnownFileType = sourcecode.c.objc; path = HEContainer.m; sourceTree = "<group>"; };
		78E989BE13A06A19005A72D4 /* UIKit.framework */ = {isa = PBXFileReference; lastKnownFileType = wrapper.framework; name = UIKit.framework; path = System/Library/Frameworks/UIKit.framework; sourceTree = SDKROOT; };
		78E989C113A06A61005A72D4 /* HEViewController.h */ = {isa = PBXFileReference; fileEncoding = 4; lastKnownFileType = sourcecode.c.h; path = HEViewController.h; sourceTree = "<group>"; };
		78E989C213A06A61005A72D4 /* HEViewController.m */ = {isa = PBXFileReference; fileEncoding = 4; lastKnownFileType = sourcecode.c.objc; path = HEViewController.m; sourceTree = "<group>"; };
		78E989CF13A139A8005A72D4 /* HEParser.h */ = {isa = PBXFileReference; fileEncoding = 4; lastKnownFileType = sourcecode.c.h; path = HEParser.h; sourceTree = "<group>"; };
		78E989D013A139A8005A72D4 /* HEParser.m */ = {isa = PBXFileReference; fileEncoding = 4; lastKnownFileType = sourcecode.c.objc; path = HEParser.m; sourceTree = "<group>"; };
		78E98A1D13A6AE67005A72D4 /* HEParent.h */ = {isa = PBXFileReference; fileEncoding = 4; lastKnownFileType = sourcecode.c.h; path = HEParent.h; sourceTree = "<group>"; };
		78E98A2013A6AF1E005A72D4 /* HEObject.h */ = {isa = PBXFileReference; fileEncoding = 4; lastKnownFileType = sourcecode.c.h; path = HEObject.h; sourceTree = "<group>"; };
		78E98A2213A6B3AC005A72D4 /* HEViewable.h */ = {isa = PBXFileReference; fileEncoding = 4; lastKnownFileType = sourcecode.c.h; path = HEViewable.h; sourceTree = "<group>"; };
/* End PBXFileReference section */

/* Begin PBXFrameworksBuildPhase section */
		78D8F08713A063E6003750D2 /* Frameworks */ = {
			isa = PBXFrameworksBuildPhase;
			buildActionMask = 2147483647;
			files = (
				7871840913A86D3200F30570 /* libz.dylib in Frameworks */,
				78E989BF13A06A19005A72D4 /* UIKit.framework in Frameworks */,
				78D8F08E13A063E6003750D2 /* Foundation.framework in Frameworks */,
			);
			runOnlyForDeploymentPostprocessing = 0;
		};
		78D8F09313A063E6003750D2 /* Frameworks */ = {
			isa = PBXFrameworksBuildPhase;
			buildActionMask = 2147483647;
			files = (
				78D8F09913A063E6003750D2 /* SenTestingKit.framework in Frameworks */,
				78D8F09B13A063E6003750D2 /* UIKit.framework in Frameworks */,
				78D8F09C13A063E6003750D2 /* Foundation.framework in Frameworks */,
				78D8F09E13A063E6003750D2 /* CoreGraphics.framework in Frameworks */,
				78D8F0A113A063E6003750D2 /* libHelium.a in Frameworks */,
			);
			runOnlyForDeploymentPostprocessing = 0;
		};
/* End PBXFrameworksBuildPhase section */

/* Begin PBXGroup section */
		787183E913A8693400F30570 /* Vendor */ = {
			isa = PBXGroup;
			children = (
				787183EA13A8693400F30570 /* TBXML */,
				787183F013A8693400F30570 /* UIColor+Hex.h */,
				787183F113A8693400F30570 /* UIColor+Hex.m */,
			);
			path = Vendor;
			sourceTree = "<group>";
		};
		787183EA13A8693400F30570 /* TBXML */ = {
			isa = PBXGroup;
			children = (
				787183EB13A8693400F30570 /* NSDataAdditions.h */,
				787183EC13A8693400F30570 /* NSDataAdditions.m */,
				787183ED13A8693400F30570 /* TBXML-Prefix.pch */,
				787183EE13A8693400F30570 /* TBXML.h */,
				787183EF13A8693400F30570 /* TBXML.m */,
			);
			path = TBXML;
			sourceTree = "<group>";
		};
		78D8F07F13A063E6003750D2 = {
			isa = PBXGroup;
			children = (
				78D8F08F13A063E6003750D2 /* Helium */,
				78E989BE13A06A19005A72D4 /* UIKit.framework */,
				78D8F0A213A063E6003750D2 /* HeliumTests */,
				787183E913A8693400F30570 /* Vendor */,
				78D8F08C13A063E6003750D2 /* Frameworks */,
				78D8F08B13A063E6003750D2 /* Products */,
			);
			sourceTree = "<group>";
		};
		78D8F08B13A063E6003750D2 /* Products */ = {
			isa = PBXGroup;
			children = (
				78D8F08A13A063E6003750D2 /* libHelium.a */,
				78D8F09713A063E6003750D2 /* HeliumTests.octest */,
			);
			name = Products;
			sourceTree = "<group>";
		};
		78D8F08C13A063E6003750D2 /* Frameworks */ = {
			isa = PBXGroup;
			children = (
				7871840813A86D3200F30570 /* libz.dylib */,
				78D8F08D13A063E6003750D2 /* Foundation.framework */,
				78D8F09813A063E6003750D2 /* SenTestingKit.framework */,
				78D8F09A13A063E6003750D2 /* UIKit.framework */,
				78D8F09D13A063E6003750D2 /* CoreGraphics.framework */,
			);
			name = Frameworks;
			sourceTree = "<group>";
		};
		78D8F08F13A063E6003750D2 /* Helium */ = {
			isa = PBXGroup;
			children = (
				78D8F09013A063E6003750D2 /* Supporting Files */,
				78E989C113A06A61005A72D4 /* HEViewController.h */,
				78E989C213A06A61005A72D4 /* HEViewController.m */,
				7837177413B3E29000C0600C /* HENavigation.h */,
				7837177513B3E29200C0600C /* HENavigation.m */,
				7837177913B3E39D00C0600C /* HETabs.h */,
				7837177A13B3E39E00C0600C /* HETabs.m */,
				7893306913AFC72D00C59E98 /* HEView.h */,
				7893306A13AFC72D00C59E98 /* HEView.m */,
				78E989AF13A06847005A72D4 /* HEContainer.h */,
				78E989B013A06847005A72D4 /* HEContainer.m */,
				78BBDCC113A990960038C805 /* HEImage.h */,
				78BBDCC213A990960038C805 /* HEImage.m */,
				78BBDCC813A9AEF80038C805 /* HELabel.h */,
				78BBDCC913A9AEF80038C805 /* HELabel.m */,
				78C11FC113AD2BC700546CDF /* HEButton.h */,
				78C11FC213AD2BC700546CDF /* HEButton.m */,
				78E989CF13A139A8005A72D4 /* HEParser.h */,
				78E989D013A139A8005A72D4 /* HEParser.m */,
				78E98A2013A6AF1E005A72D4 /* HEObject.h */,
				78E98A1D13A6AE67005A72D4 /* HEParent.h */,
				7837178013B3ECE900C0600C /* HEBase.h */,
				7837178113B3ECEA00C0600C /* HEBase.m */,
				78E98A2213A6B3AC005A72D4 /* HEViewable.h */,
				7837178413B3EF6200C0600C /* HEViewControllable.h */,
				78C11FC513AD2BFD00546CDF /* HELayoutable.h */,
				78BBDCCC13A9B0970038C805 /* UIView+Layout.h */,
				78BBDCCD13A9B0970038C805 /* UIView+Layout.m */,
				7893307D13B1296000C59E98 /* HELoader.h */,
				7893307E13B1296000C59E98 /* HELoader.m */,
				7837178613B400EE00C0600C /* HEActionLink.h */,
				7837178713B400EF00C0600C /* HEActionLink.m */,
				785E640F13BB96BA00FB3C03 /* HEScroll.h */,
				785E641013BB96BA00FB3C03 /* HEScroll.m */,
			);
			path = Helium;
			sourceTree = "<group>";
		};
		78D8F09013A063E6003750D2 /* Supporting Files */ = {
			isa = PBXGroup;
			children = (
				78D8F09113A063E6003750D2 /* Helium-Prefix.pch */,
			);
			name = "Supporting Files";
			sourceTree = "<group>";
		};
		78D8F0A213A063E6003750D2 /* HeliumTests */ = {
			isa = PBXGroup;
			children = (
				78D8F0A313A063E6003750D2 /* Supporting Files */,
				78D8F0A813A063E6003750D2 /* HeliumTests.h */,
				78D8F0AA13A063E6003750D2 /* HeliumTests.m */,
				78C11F6813AD129800546CDF /* TestLayout.h */,
				78C11F6913AD129800546CDF /* TestLayout.m */,
				78C11FBB13AD218500546CDF /* TestContainers.h */,
				78C11FBC13AD218500546CDF /* TestContainers.m */,
			);
			path = HeliumTests;
			sourceTree = "<group>";
		};
		78D8F0A313A063E6003750D2 /* Supporting Files */ = {
			isa = PBXGroup;
			children = (
				78D8F0A413A063E6003750D2 /* HeliumTests-Info.plist */,
				78D8F0A513A063E6003750D2 /* InfoPlist.strings */,
			);
			name = "Supporting Files";
			sourceTree = "<group>";
		};
/* End PBXGroup section */

/* Begin PBXHeadersBuildPhase section */
		78D8F08813A063E6003750D2 /* Headers */ = {
			isa = PBXHeadersBuildPhase;
			buildActionMask = 2147483647;
			files = (
				78E989B113A06847005A72D4 /* HEContainer.h in Headers */,
				78E989C313A06A61005A72D4 /* HEViewController.h in Headers */,
				78E989D113A139A8005A72D4 /* HEParser.h in Headers */,
				78E98A1E13A6AE67005A72D4 /* HEParent.h in Headers */,
				78E98A2113A6AF1E005A72D4 /* HEObject.h in Headers */,
				78E98A2313A6B3AD005A72D4 /* HEViewable.h in Headers */,
				787183F213A8693400F30570 /* NSDataAdditions.h in Headers */,
				787183F413A8693400F30570 /* TBXML-Prefix.pch in Headers */,
				787183F513A8693400F30570 /* TBXML.h in Headers */,
				787183F713A8693400F30570 /* UIColor+Hex.h in Headers */,
				78BBDCC313A990960038C805 /* HEImage.h in Headers */,
				78BBDCCA13A9AEF80038C805 /* HELabel.h in Headers */,
				78BBDCCE13A9B0970038C805 /* UIView+Layout.h in Headers */,
				78C11F6A13AD129800546CDF /* TestLayout.h in Headers */,
				78C11FC313AD2BC800546CDF /* HEButton.h in Headers */,
				78C11FC613AD2BFD00546CDF /* HELayoutable.h in Headers */,
				7893306B13AFC72D00C59E98 /* HEView.h in Headers */,
				7893307F13B1296100C59E98 /* HELoader.h in Headers */,
				7837177613B3E29300C0600C /* HENavigation.h in Headers */,
				7837177B13B3E39F00C0600C /* HETabs.h in Headers */,
				7837178213B3ECEB00C0600C /* HEBase.h in Headers */,
				7837178513B3EF6400C0600C /* HEViewControllable.h in Headers */,
				7837178813B400F100C0600C /* HEActionLink.h in Headers */,
				785E641113BB96BA00FB3C03 /* HEScroll.h in Headers */,
			);
			runOnlyForDeploymentPostprocessing = 0;
		};
/* End PBXHeadersBuildPhase section */

/* Begin PBXNativeTarget section */
		78D8F08913A063E6003750D2 /* Helium */ = {
			isa = PBXNativeTarget;
			buildConfigurationList = 78D8F0AE13A063E6003750D2 /* Build configuration list for PBXNativeTarget "Helium" */;
			buildPhases = (
				78D8F08613A063E6003750D2 /* Sources */,
				78D8F08713A063E6003750D2 /* Frameworks */,
				78D8F08813A063E6003750D2 /* Headers */,
			);
			buildRules = (
			);
			dependencies = (
			);
			name = Helium;
			productName = Helium;
			productReference = 78D8F08A13A063E6003750D2 /* libHelium.a */;
			productType = "com.apple.product-type.library.static";
		};
		78D8F09613A063E6003750D2 /* HeliumTests */ = {
			isa = PBXNativeTarget;
			buildConfigurationList = 78D8F0B113A063E6003750D2 /* Build configuration list for PBXNativeTarget "HeliumTests" */;
			buildPhases = (
				78D8F09213A063E6003750D2 /* Sources */,
				78D8F09313A063E6003750D2 /* Frameworks */,
				78D8F09413A063E6003750D2 /* Resources */,
				78D8F09513A063E6003750D2 /* ShellScript */,
			);
			buildRules = (
			);
			dependencies = (
				78D8F0A013A063E6003750D2 /* PBXTargetDependency */,
			);
			name = HeliumTests;
			productName = HeliumTests;
			productReference = 78D8F09713A063E6003750D2 /* HeliumTests.octest */;
			productType = "com.apple.product-type.bundle";
		};
/* End PBXNativeTarget section */

/* Begin PBXProject section */
		78D8F08113A063E6003750D2 /* Project object */ = {
			isa = PBXProject;
			attributes = {
				ORGANIZATIONNAME = I.TV;
			};
			buildConfigurationList = 78D8F08413A063E6003750D2 /* Build configuration list for PBXProject "Helium" */;
			compatibilityVersion = "Xcode 3.2";
			developmentRegion = English;
			hasScannedForEncodings = 0;
			knownRegions = (
				en,
			);
			mainGroup = 78D8F07F13A063E6003750D2;
			productRefGroup = 78D8F08B13A063E6003750D2 /* Products */;
			projectDirPath = "";
			projectRoot = "";
			targets = (
				78D8F08913A063E6003750D2 /* Helium */,
				78D8F09613A063E6003750D2 /* HeliumTests */,
			);
		};
/* End PBXProject section */

/* Begin PBXResourcesBuildPhase section */
		78D8F09413A063E6003750D2 /* Resources */ = {
			isa = PBXResourcesBuildPhase;
			buildActionMask = 2147483647;
			files = (
				78D8F0A713A063E6003750D2 /* InfoPlist.strings in Resources */,
				78D8F0A913A063E6003750D2 /* HeliumTests.h in Resources */,
			);
			runOnlyForDeploymentPostprocessing = 0;
		};
/* End PBXResourcesBuildPhase section */

/* Begin PBXShellScriptBuildPhase section */
		78D8F09513A063E6003750D2 /* ShellScript */ = {
			isa = PBXShellScriptBuildPhase;
			buildActionMask = 2147483647;
			files = (
			);
			inputPaths = (
			);
			outputPaths = (
			);
			runOnlyForDeploymentPostprocessing = 0;
			shellPath = /bin/sh;
			shellScript = "# Run the unit tests in this test bundle.\n\"${SYSTEM_DEVELOPER_DIR}/Tools/RunUnitTests\"\n";
		};
/* End PBXShellScriptBuildPhase section */

/* Begin PBXSourcesBuildPhase section */
		78D8F08613A063E6003750D2 /* Sources */ = {
			isa = PBXSourcesBuildPhase;
			buildActionMask = 2147483647;
			files = (
				78E989B213A06847005A72D4 /* HEContainer.m in Sources */,
				78E989C413A06A61005A72D4 /* HEViewController.m in Sources */,
				78E989D213A139A8005A72D4 /* HEParser.m in Sources */,
				787183F313A8693400F30570 /* NSDataAdditions.m in Sources */,
				787183F613A8693400F30570 /* TBXML.m in Sources */,
				787183F813A8693400F30570 /* UIColor+Hex.m in Sources */,
				78BBDCC413A990960038C805 /* HEImage.m in Sources */,
				78BBDCCB13A9AEF80038C805 /* HELabel.m in Sources */,
				78BBDCCF13A9B0970038C805 /* UIView+Layout.m in Sources */,
				78C11FC413AD2BC800546CDF /* HEButton.m in Sources */,
				7893306C13AFC72D00C59E98 /* HEView.m in Sources */,
				7893308013B1296100C59E98 /* HELoader.m in Sources */,
				7837177713B3E29300C0600C /* HENavigation.m in Sources */,
				7837177C13B3E39F00C0600C /* HETabs.m in Sources */,
				7837178313B3ECEB00C0600C /* HEBase.m in Sources */,
				7837178913B400F100C0600C /* HEActionLink.m in Sources */,
				785E641213BB96BA00FB3C03 /* HEScroll.m in Sources */,
			);
			runOnlyForDeploymentPostprocessing = 0;
		};
		78D8F09213A063E6003750D2 /* Sources */ = {
			isa = PBXSourcesBuildPhase;
			buildActionMask = 2147483647;
			files = (
				78C11F6D13AD151100546CDF /* UIView+Layout.m in Sources */,
				78C11F6C13AD12F100546CDF /* TestLayout.m in Sources */,
				78D8F0AB13A063E6003750D2 /* HeliumTests.m in Sources */,
				78C11FBD13AD218500546CDF /* TestContainers.m in Sources */,
			);
			runOnlyForDeploymentPostprocessing = 0;
		};
/* End PBXSourcesBuildPhase section */

/* Begin PBXTargetDependency section */
		78D8F0A013A063E6003750D2 /* PBXTargetDependency */ = {
			isa = PBXTargetDependency;
			target = 78D8F08913A063E6003750D2 /* Helium */;
			targetProxy = 78D8F09F13A063E6003750D2 /* PBXContainerItemProxy */;
		};
/* End PBXTargetDependency section */

/* Begin PBXVariantGroup section */
		78D8F0A513A063E6003750D2 /* InfoPlist.strings */ = {
			isa = PBXVariantGroup;
			children = (
				78D8F0A613A063E6003750D2 /* en */,
			);
			name = InfoPlist.strings;
			sourceTree = "<group>";
		};
/* End PBXVariantGroup section */

/* Begin XCBuildConfiguration section */
		78D8F0AC13A063E6003750D2 /* Debug */ = {
			isa = XCBuildConfiguration;
			buildSettings = {
				ALWAYS_SEARCH_USER_PATHS = NO;
				ARCHS = "$(ARCHS_STANDARD_32_BIT)";
				CLANG_ENABLE_OBJC_ARC = NO;
				CLANG_WARN_OBJCPP_ARC_ABI = NO;
				COPY_PHASE_STRIP = NO;
				GCC_C_LANGUAGE_STANDARD = gnu99;
				GCC_DYNAMIC_NO_PIC = NO;
				GCC_OPTIMIZATION_LEVEL = 0;
				GCC_PREPROCESSOR_DEFINITIONS = (
					"DEBUG=1",
					"$(inherited)",
				);
				GCC_SYMBOLS_PRIVATE_EXTERN = NO;
				GCC_VERSION = com.apple.compilers.llvm.clang.1_0;
				GCC_WARN_ABOUT_MISSING_PROTOTYPES = YES;
				GCC_WARN_ABOUT_RETURN_TYPE = YES;
				GCC_WARN_UNUSED_VARIABLE = YES;
				IPHONEOS_DEPLOYMENT_TARGET = 5.0;
				OTHER_LDFLAGS = "-ObjC";
				SDKROOT = iphoneos;
			};
			name = Debug;
		};
		78D8F0AD13A063E6003750D2 /* Release */ = {
			isa = XCBuildConfiguration;
			buildSettings = {
				ALWAYS_SEARCH_USER_PATHS = NO;
				ARCHS = "$(ARCHS_STANDARD_32_BIT)";
				CLANG_ENABLE_OBJC_ARC = NO;
				CLANG_WARN_OBJCPP_ARC_ABI = NO;
				COPY_PHASE_STRIP = YES;
				GCC_C_LANGUAGE_STANDARD = gnu99;
				GCC_VERSION = com.apple.compilers.llvm.clang.1_0;
				GCC_WARN_ABOUT_MISSING_PROTOTYPES = YES;
				GCC_WARN_ABOUT_RETURN_TYPE = YES;
				GCC_WARN_UNUSED_VARIABLE = YES;
				IPHONEOS_DEPLOYMENT_TARGET = 5.0;
				OTHER_LDFLAGS = "-ObjC";
				SDKROOT = iphoneos;
				VALIDATE_PRODUCT = YES;
			};
			name = Release;
		};
		78D8F0AF13A063E6003750D2 /* Debug */ = {
			isa = XCBuildConfiguration;
			buildSettings = {
				DSTROOT = /tmp/Helium.dst;
				GCC_PRECOMPILE_PREFIX_HEADER = YES;
				GCC_PREFIX_HEADER = "Helium/Helium-Prefix.pch";
				IPHONEOS_DEPLOYMENT_TARGET = 4.3;
				OTHER_LDFLAGS = (
					"-ObjC",
					"-all_load",
				);
				PRODUCT_NAME = "$(TARGET_NAME)";
				PUBLIC_HEADERS_FOLDER_PATH = helium;
				SKIP_INSTALL = YES;
			};
			name = Debug;
		};
		78D8F0B013A063E6003750D2 /* Release */ = {
			isa = XCBuildConfiguration;
			buildSettings = {
				DSTROOT = /tmp/Helium.dst;
				GCC_PRECOMPILE_PREFIX_HEADER = YES;
				GCC_PREFIX_HEADER = "Helium/Helium-Prefix.pch";
				IPHONEOS_DEPLOYMENT_TARGET = 4.3;
				OTHER_LDFLAGS = (
					"-ObjC",
					"-all_load",
				);
				PRODUCT_NAME = "$(TARGET_NAME)";
				PUBLIC_HEADERS_FOLDER_PATH = helium;
				SKIP_INSTALL = YES;
			};
			name = Release;
		};
		78D8F0B213A063E6003750D2 /* Debug */ = {
			isa = XCBuildConfiguration;
			buildSettings = {
				FRAMEWORK_SEARCH_PATHS = (
					"$(SDKROOT)/Developer/Library/Frameworks",
					"$(DEVELOPER_LIBRARY_DIR)/Frameworks",
				);
				GCC_PRECOMPILE_PREFIX_HEADER = YES;
				GCC_PREFIX_HEADER = "Helium/Helium-Prefix.pch";
				INFOPLIST_FILE = "HeliumTests/HeliumTests-Info.plist";
				PRODUCT_NAME = "$(TARGET_NAME)";
				WRAPPER_EXTENSION = octest;
			};
			name = Debug;
		};
		78D8F0B313A063E6003750D2 /* Release */ = {
			isa = XCBuildConfiguration;
			buildSettings = {
				FRAMEWORK_SEARCH_PATHS = (
					"$(SDKROOT)/Developer/Library/Frameworks",
					"$(DEVELOPER_LIBRARY_DIR)/Frameworks",
				);
				GCC_PRECOMPILE_PREFIX_HEADER = YES;
				GCC_PREFIX_HEADER = "Helium/Helium-Prefix.pch";
				INFOPLIST_FILE = "HeliumTests/HeliumTests-Info.plist";
				PRODUCT_NAME = "$(TARGET_NAME)";
				WRAPPER_EXTENSION = octest;
			};
			name = Release;
		};
/* End XCBuildConfiguration section */

/* Begin XCConfigurationList section */
		78D8F08413A063E6003750D2 /* Build configuration list for PBXProject "Helium" */ = {
			isa = XCConfigurationList;
			buildConfigurations = (
				78D8F0AC13A063E6003750D2 /* Debug */,
				78D8F0AD13A063E6003750D2 /* Release */,
			);
			defaultConfigurationIsVisible = 0;
			defaultConfigurationName = Release;
		};
		78D8F0AE13A063E6003750D2 /* Build configuration list for PBXNativeTarget "Helium" */ = {
			isa = XCConfigurationList;
			buildConfigurations = (
				78D8F0AF13A063E6003750D2 /* Debug */,
				78D8F0B013A063E6003750D2 /* Release */,
			);
			defaultConfigurationIsVisible = 0;
			defaultConfigurationName = Release;
		};
		78D8F0B113A063E6003750D2 /* Build configuration list for PBXNativeTarget "HeliumTests" */ = {
			isa = XCConfigurationList;
			buildConfigurations = (
				78D8F0B213A063E6003750D2 /* Debug */,
				78D8F0B313A063E6003750D2 /* Release */,
			);
			defaultConfigurationIsVisible = 0;
			defaultConfigurationName = Release;
		};
/* End XCConfigurationList section */
	};
	rootObject = 78D8F08113A063E6003750D2 /* Project object */;
}
